
Microsoft Visual Studio Solution File, Format Version 12.00
Project("{FAE04EC0-301F-11D3-BF4B-00C04F79EFBC}") = "Task2", "Task2\Task2.csproj", "{DFF7F2CB-E840-41FD-9ABE-ED6D62963854}"
EndProject
Project("{FAE04EC0-301F-11D3-BF4B-00C04F79EFBC}") = "Task3", "Task3\Task3.csproj", "{BE3097C7-6E7E-46B3-99B3-42FFDDB1A0EE}"
EndProject
Project("{FAE04EC0-301F-11D3-BF4B-00C04F79EFBC}") = "Task5", "Task5\Task5.csproj", "{33661609-A892-45B0-B4F2-340BD0BCF1DC}"
EndProject
Global
	GlobalSection(SolutionConfigurationPlatforms) = preSolution
		Debug|Any CPU = Debug|Any CPU
		Release|Any CPU = Release|Any CPU
	EndGlobalSection
	GlobalSection(ProjectConfigurationPlatforms) = postSolution
		{DFF7F2CB-E840-41FD-9ABE-ED6D62963854}.Debug|Any CPU.ActiveCfg = Debug|Any CPU
		{DFF7F2CB-E840-41FD-9ABE-ED6D62963854}.Debug|Any CPU.Build.0 = Debug|Any CPU
		{DFF7F2CB-E840-41FD-9ABE-ED6D62963854}.Release|Any CPU.ActiveCfg = Release|Any CPU
		{DFF7F2CB-E840-41FD-9ABE-ED6D62963854}.Release|Any CPU.Build.0 = Release|Any CPU
		{BE3097C7-6E7E-46B3-99B3-42FFDDB1A0EE}.Debug|Any CPU.ActiveCfg = Debug|Any CPU
		{BE3097C7-6E7E-46B3-99B3-42FFDDB1A0EE}.Debug|Any CPU.Build.0 = Debug|Any CPU
		{BE3097C7-6E7E-46B3-99B3-42FFDDB1A0EE}.Release|Any CPU.ActiveCfg = Release|Any CPU
		{BE3097C7-6E7E-46B3-99B3-42FFDDB1A0EE}.Release|Any CPU.Build.0 = Release|Any CPU
		{33661609-A892-45B0-B4F2-340BD0BCF1DC}.Debug|Any CPU.ActiveCfg = Debug|Any CPU
		{33661609-A892-45B0-B4F2-340BD0BCF1DC}.Debug|Any CPU.Build.0 = Debug|Any CPU
		{33661609-A892-45B0-B4F2-340BD0BCF1DC}.Release|Any CPU.ActiveCfg = Release|Any CPU
		{33661609-A892-45B0-B4F2-340BD0BCF1DC}.Release|Any CPU.Build.0 = Release|Any CPU
	EndGlobalSection
EndGlobal
